{
  "name": "notes-app",
  "version": "1.0.0",
  "lockfileVersion": 3,
  "requires": true,
  "packages": {
    "": {
      "name": "notes-app",
      "version": "1.0.0",
      "workspaces": [
        "frontend",
        "backend",
        "shared"
      ]
    },
    "backend": {
      "name": "@notes-app/backend",
      "version": "1.0.0"
    },
    "frontend": {
      "name": "@notes-app/frontend",
      "version": "1.0.0"
    },
    "node_modules/@notes-app/backend": {
      "resolved": "backend",
      "link": true
    },
    "node_modules/@notes-app/frontend": {
      "resolved": "frontend",
      "link": true
    },
    "node_modules/@notes-app/shared": {
      "resolved": "shared",
      "link": true
    },
    "shared": {
      "name": "@notes-app/shared",
      "version": "1.0.0"
    }
  }
}
